
Microsoft Visual Studio Solution File, Format Version 12.00
# Visual Studio 14
VisualStudioVersion = 14.0.25420.1
MinimumVisualStudioVersion = 10.0.40219.1
Project("{FAE04EC0-301F-11D3-BF4B-00C04F79EFBC}") = "Goomer.Web", "Goomer.Web\Goomer.Web.csproj", "{7CCBF37D-CF3F-4FB7-AA61-EA14A36D4414}"
EndProject
Project("{FAE04EC0-301F-11D3-BF4B-00C04F79EFBC}") = "Goomer.Web.Tests", "Goomer.Web.Tests\Goomer.Web.Tests.csproj", "{7A7634C1-691C-4D57-B695-645FCD0453DB}"
EndProject
Project("{2150E333-8FDC-42A3-9474-1A3956D46DE8}") = "Data", "Data", "{B98C9C45-3037-48B4-8E0A-3F690FE73D2E}"
EndProject
Project("{FAE04EC0-301F-11D3-BF4B-00C04F79EFBC}") = "Goomer.Data.Models", "Goomer.Data.Models\Goomer.Data.Models.csproj", "{9727359E-2CEE-4A30-9E7D-418666662D8B}"
EndProject
Project("{FAE04EC0-301F-11D3-BF4B-00C04F79EFBC}") = "Goomer.Data.Common", "Goomer.Data.Common\Goomer.Data.Common.csproj", "{633ACC37-41C2-4BCC-9957-16DE865A336F}"
EndProject
Project("{FAE04EC0-301F-11D3-BF4B-00C04F79EFBC}") = "Goomer.Data", "Goomer.Data\Goomer.Data.csproj", "{E6E76DB2-1EB4-4C0F-AA87-19FEE324192A}"
EndProject
Project("{FAE04EC0-301F-11D3-BF4B-00C04F79EFBC}") = "Goomer.Web.Infrastructure", "Goomer.Web.Infrastructure\Goomer.Web.Infrastructure.csproj", "{F2D5DE65-DF59-47F6-84A0-3411532D5340}"
EndProject
Project("{2150E333-8FDC-42A3-9474-1A3956D46DE8}") = "Services", "Services", "{20C2A124-5694-423C-B1E4-781AA1B694CD}"
EndProject
Project("{FAE04EC0-301F-11D3-BF4B-00C04F79EFBC}") = "Goomer.Services.Data", "Goomer.Services.Data\Goomer.Services.Data.csproj", "{BC1B9126-C25C-455D-B72C-B122B838F43A}"
EndProject
Project("{FAE04EC0-301F-11D3-BF4B-00C04F79EFBC}") = "Goomer.Services.Web", "Goomer.Services.Web\Goomer.Services.Web.csproj", "{5B666015-A646-4C12-911C-42D88113D131}"
EndProject
Project("{2150E333-8FDC-42A3-9474-1A3956D46DE8}") = "Tests", "Tests", "{AC975385-DD5E-477C-BE7D-6F8D7AF2C89E}"
EndProject
Project("{FAE04EC0-301F-11D3-BF4B-00C04F79EFBC}") = "Goomer.Services.Web.Tests", "Goomer.Services.Web.Tests\Goomer.Services.Web.Tests.csproj", "{649C8A66-797E-4461-A135-7E7EE7E5CB12}"
EndProject
Project("{FAE04EC0-301F-11D3-BF4B-00C04F79EFBC}") = "Goomer.Web.Routes.Tests", "Goomer.Web.Routes.Tests\Goomer.Web.Routes.Tests.csproj", "{78ADCFD2-A61B-4D00-BEDA-64FCA462C9C4}"
EndProject
Project("{FAE04EC0-301F-11D3-BF4B-00C04F79EFBC}") = "Goomer.Web.Controllers.Tests", "Goomer.Web.Controllers.Tests\Goomer.Web.Controllers.Tests.csproj", "{F476A269-D2DE-4247-B0D5-8509039915F4}"
EndProject
Project("{FAE04EC0-301F-11D3-BF4B-00C04F79EFBC}") = "Goomer.Services.Coverall", "Goomer.Services.Coverall\Goomer.Services.Coverall.csproj", "{29585E90-EB8F-482F-BAA2-881422D49384}"
EndProject
Project("{FAE04EC0-301F-11D3-BF4B-00C04F79EFBC}") = "Goomer.Data.Tests", "Goomer.Data.Tests\Goomer.Data.Tests.csproj", "{3E2D8552-4FB8-4960-874E-AE5319A72ACD}"
EndProject
Project("{FAE04EC0-301F-11D3-BF4B-00C04F79EFBC}") = "Goomer.Data.Models.Tests", "Goomer.Data.Models.Tests\Goomer.Data.Models.Tests.csproj", "{96D05789-AB4C-4FE5-AA2C-B2A26FB944BE}"
EndProject
Project("{FAE04EC0-301F-11D3-BF4B-00C04F79EFBC}") = "Goomer.Data.Common.Tests", "Goomer.Data.Common.Tests\Goomer.Data.Common.Tests.csproj", "{D6F0EFE2-7A22-48A5-A912-8FD7A73492BA}"
EndProject
Project("{FAE04EC0-301F-11D3-BF4B-00C04F79EFBC}") = "Goomer.Services.Data.Tests", "Goomer.Services.Data.Tests\Goomer.Services.Data.Tests.csproj", "{66DB09BE-48B1-4570-BA9C-5F0250197433}"
EndProject
Global
	GlobalSection(SolutionConfigurationPlatforms) = preSolution
		Debug|Any CPU = Debug|Any CPU
		Release|Any CPU = Release|Any CPU
	EndGlobalSection
	GlobalSection(ProjectConfigurationPlatforms) = postSolution
		{7CCBF37D-CF3F-4FB7-AA61-EA14A36D4414}.Debug|Any CPU.ActiveCfg = Debug|Any CPU
		{7CCBF37D-CF3F-4FB7-AA61-EA14A36D4414}.Debug|Any CPU.Build.0 = Debug|Any CPU
		{7CCBF37D-CF3F-4FB7-AA61-EA14A36D4414}.Release|Any CPU.ActiveCfg = Release|Any CPU
		{7CCBF37D-CF3F-4FB7-AA61-EA14A36D4414}.Release|Any CPU.Build.0 = Release|Any CPU
		{7A7634C1-691C-4D57-B695-645FCD0453DB}.Debug|Any CPU.ActiveCfg = Debug|Any CPU
		{7A7634C1-691C-4D57-B695-645FCD0453DB}.Debug|Any CPU.Build.0 = Debug|Any CPU
		{7A7634C1-691C-4D57-B695-645FCD0453DB}.Release|Any CPU.ActiveCfg = Release|Any CPU
		{7A7634C1-691C-4D57-B695-645FCD0453DB}.Release|Any CPU.Build.0 = Release|Any CPU
		{9727359E-2CEE-4A30-9E7D-418666662D8B}.Debug|Any CPU.ActiveCfg = Debug|Any CPU
		{9727359E-2CEE-4A30-9E7D-418666662D8B}.Debug|Any CPU.Build.0 = Debug|Any CPU
		{9727359E-2CEE-4A30-9E7D-418666662D8B}.Release|Any CPU.ActiveCfg = Release|Any CPU
		{9727359E-2CEE-4A30-9E7D-418666662D8B}.Release|Any CPU.Build.0 = Release|Any CPU
		{633ACC37-41C2-4BCC-9957-16DE865A336F}.Debug|Any CPU.ActiveCfg = Debug|Any CPU
		{633ACC37-41C2-4BCC-9957-16DE865A336F}.Debug|Any CPU.Build.0 = Debug|Any CPU
		{633ACC37-41C2-4BCC-9957-16DE865A336F}.Release|Any CPU.ActiveCfg = Release|Any CPU
		{633ACC37-41C2-4BCC-9957-16DE865A336F}.Release|Any CPU.Build.0 = Release|Any CPU
		{E6E76DB2-1EB4-4C0F-AA87-19FEE324192A}.Debug|Any CPU.ActiveCfg = Debug|Any CPU
		{E6E76DB2-1EB4-4C0F-AA87-19FEE324192A}.Debug|Any CPU.Build.0 = Debug|Any CPU
		{E6E76DB2-1EB4-4C0F-AA87-19FEE324192A}.Release|Any CPU.ActiveCfg = Release|Any CPU
		{E6E76DB2-1EB4-4C0F-AA87-19FEE324192A}.Release|Any CPU.Build.0 = Release|Any CPU
		{F2D5DE65-DF59-47F6-84A0-3411532D5340}.Debug|Any CPU.ActiveCfg = Debug|Any CPU
		{F2D5DE65-DF59-47F6-84A0-3411532D5340}.Debug|Any CPU.Build.0 = Debug|Any CPU
		{F2D5DE65-DF59-47F6-84A0-3411532D5340}.Release|Any CPU.ActiveCfg = Release|Any CPU
		{F2D5DE65-DF59-47F6-84A0-3411532D5340}.Release|Any CPU.Build.0 = Release|Any CPU
		{BC1B9126-C25C-455D-B72C-B122B838F43A}.Debug|Any CPU.ActiveCfg = Debug|Any CPU
		{BC1B9126-C25C-455D-B72C-B122B838F43A}.Debug|Any CPU.Build.0 = Debug|Any CPU
		{BC1B9126-C25C-455D-B72C-B122B838F43A}.Release|Any CPU.ActiveCfg = Release|Any CPU
		{BC1B9126-C25C-455D-B72C-B122B838F43A}.Release|Any CPU.Build.0 = Release|Any CPU
		{5B666015-A646-4C12-911C-42D88113D131}.Debug|Any CPU.ActiveCfg = Debug|Any CPU
		{5B666015-A646-4C12-911C-42D88113D131}.Debug|Any CPU.Build.0 = Debug|Any CPU
		{5B666015-A646-4C12-911C-42D88113D131}.Release|Any CPU.ActiveCfg = Release|Any CPU
		{5B666015-A646-4C12-911C-42D88113D131}.Release|Any CPU.Build.0 = Release|Any CPU
		{649C8A66-797E-4461-A135-7E7EE7E5CB12}.Debug|Any CPU.ActiveCfg = Debug|Any CPU
		{649C8A66-797E-4461-A135-7E7EE7E5CB12}.Debug|Any CPU.Build.0 = Debug|Any CPU
		{649C8A66-797E-4461-A135-7E7EE7E5CB12}.Release|Any CPU.ActiveCfg = Release|Any CPU
		{649C8A66-797E-4461-A135-7E7EE7E5CB12}.Release|Any CPU.Build.0 = Release|Any CPU
		{78ADCFD2-A61B-4D00-BEDA-64FCA462C9C4}.Debug|Any CPU.ActiveCfg = Debug|Any CPU
		{78ADCFD2-A61B-4D00-BEDA-64FCA462C9C4}.Debug|Any CPU.Build.0 = Debug|Any CPU
		{78ADCFD2-A61B-4D00-BEDA-64FCA462C9C4}.Release|Any CPU.ActiveCfg = Release|Any CPU
		{78ADCFD2-A61B-4D00-BEDA-64FCA462C9C4}.Release|Any CPU.Build.0 = Release|Any CPU
		{F476A269-D2DE-4247-B0D5-8509039915F4}.Debug|Any CPU.ActiveCfg = Debug|Any CPU
		{F476A269-D2DE-4247-B0D5-8509039915F4}.Debug|Any CPU.Build.0 = Debug|Any CPU
		{F476A269-D2DE-4247-B0D5-8509039915F4}.Release|Any CPU.ActiveCfg = Release|Any CPU
		{F476A269-D2DE-4247-B0D5-8509039915F4}.Release|Any CPU.Build.0 = Release|Any CPU
		{29585E90-EB8F-482F-BAA2-881422D49384}.Debug|Any CPU.ActiveCfg = Debug|Any CPU
		{29585E90-EB8F-482F-BAA2-881422D49384}.Debug|Any CPU.Build.0 = Debug|Any CPU
		{29585E90-EB8F-482F-BAA2-881422D49384}.Release|Any CPU.ActiveCfg = Release|Any CPU
		{29585E90-EB8F-482F-BAA2-881422D49384}.Release|Any CPU.Build.0 = Release|Any CPU
		{3E2D8552-4FB8-4960-874E-AE5319A72ACD}.Debug|Any CPU.ActiveCfg = Debug|Any CPU
		{3E2D8552-4FB8-4960-874E-AE5319A72ACD}.Debug|Any CPU.Build.0 = Debug|Any CPU
		{3E2D8552-4FB8-4960-874E-AE5319A72ACD}.Release|Any CPU.ActiveCfg = Release|Any CPU
		{3E2D8552-4FB8-4960-874E-AE5319A72ACD}.Release|Any CPU.Build.0 = Release|Any CPU
		{96D05789-AB4C-4FE5-AA2C-B2A26FB944BE}.Debug|Any CPU.ActiveCfg = Debug|Any CPU
		{96D05789-AB4C-4FE5-AA2C-B2A26FB944BE}.Debug|Any CPU.Build.0 = Debug|Any CPU
		{96D05789-AB4C-4FE5-AA2C-B2A26FB944BE}.Release|Any CPU.ActiveCfg = Release|Any CPU
		{96D05789-AB4C-4FE5-AA2C-B2A26FB944BE}.Release|Any CPU.Build.0 = Release|Any CPU
		{D6F0EFE2-7A22-48A5-A912-8FD7A73492BA}.Debug|Any CPU.ActiveCfg = Debug|Any CPU
		{D6F0EFE2-7A22-48A5-A912-8FD7A73492BA}.Debug|Any CPU.Build.0 = Debug|Any CPU
		{D6F0EFE2-7A22-48A5-A912-8FD7A73492BA}.Release|Any CPU.ActiveCfg = Release|Any CPU
		{D6F0EFE2-7A22-48A5-A912-8FD7A73492BA}.Release|Any CPU.Build.0 = Release|Any CPU
		{66DB09BE-48B1-4570-BA9C-5F0250197433}.Debug|Any CPU.ActiveCfg = Debug|Any CPU
		{66DB09BE-48B1-4570-BA9C-5F0250197433}.Debug|Any CPU.Build.0 = Debug|Any CPU
		{66DB09BE-48B1-4570-BA9C-5F0250197433}.Release|Any CPU.ActiveCfg = Release|Any CPU
		{66DB09BE-48B1-4570-BA9C-5F0250197433}.Release|Any CPU.Build.0 = Release|Any CPU
	EndGlobalSection
	GlobalSection(SolutionProperties) = preSolution
		HideSolutionNode = FALSE
	EndGlobalSection
	GlobalSection(NestedProjects) = preSolution
		{7A7634C1-691C-4D57-B695-645FCD0453DB} = {AC975385-DD5E-477C-BE7D-6F8D7AF2C89E}
		{9727359E-2CEE-4A30-9E7D-418666662D8B} = {B98C9C45-3037-48B4-8E0A-3F690FE73D2E}
		{633ACC37-41C2-4BCC-9957-16DE865A336F} = {B98C9C45-3037-48B4-8E0A-3F690FE73D2E}
		{E6E76DB2-1EB4-4C0F-AA87-19FEE324192A} = {B98C9C45-3037-48B4-8E0A-3F690FE73D2E}
		{BC1B9126-C25C-455D-B72C-B122B838F43A} = {20C2A124-5694-423C-B1E4-781AA1B694CD}
		{5B666015-A646-4C12-911C-42D88113D131} = {20C2A124-5694-423C-B1E4-781AA1B694CD}
		{649C8A66-797E-4461-A135-7E7EE7E5CB12} = {AC975385-DD5E-477C-BE7D-6F8D7AF2C89E}
		{78ADCFD2-A61B-4D00-BEDA-64FCA462C9C4} = {AC975385-DD5E-477C-BE7D-6F8D7AF2C89E}
		{F476A269-D2DE-4247-B0D5-8509039915F4} = {AC975385-DD5E-477C-BE7D-6F8D7AF2C89E}
		{29585E90-EB8F-482F-BAA2-881422D49384} = {20C2A124-5694-423C-B1E4-781AA1B694CD}
		{3E2D8552-4FB8-4960-874E-AE5319A72ACD} = {AC975385-DD5E-477C-BE7D-6F8D7AF2C89E}
		{96D05789-AB4C-4FE5-AA2C-B2A26FB944BE} = {AC975385-DD5E-477C-BE7D-6F8D7AF2C89E}
		{D6F0EFE2-7A22-48A5-A912-8FD7A73492BA} = {AC975385-DD5E-477C-BE7D-6F8D7AF2C89E}
		{66DB09BE-48B1-4570-BA9C-5F0250197433} = {AC975385-DD5E-477C-BE7D-6F8D7AF2C89E}
	EndGlobalSection
EndGlobal
