
Microsoft Visual Studio Solution File, Format Version 12.00
# Visual Studio 14
VisualStudioVersion = 14.0.25420.1
MinimumVisualStudioVersion = 10.0.40219.1
Project("{FAE04EC0-301F-11D3-BF4B-00C04F79EFBC}") = "Goomer.Web", "Goomer.Web\Goomer.Web.csproj", "{7CCBF37D-CF3F-4FB7-AA61-EA14A36D4414}"
EndProject
Project("{FAE04EC0-301F-11D3-BF4B-00C04F79EFBC}") = "Goomer.Web.Tests", "Goomer.Web.Tests\Goomer.Web.Tests.csproj", "{7A7634C1-691C-4D57-B695-645FCD0453DB}"
EndProject
Project("{2150E333-8FDC-42A3-9474-1A3956D46DE8}") = "Data", "Data", "{B98C9C45-3037-48B4-8E0A-3F690FE73D2E}"
EndProject
Project("{FAE04EC0-301F-11D3-BF4B-00C04F79EFBC}") = "Goomer.Data.Models", "Goomer.Data.Models\Goomer.Data.Models.csproj", "{9727359E-2CEE-4A30-9E7D-418666662D8B}"
EndProject
Project("{FAE04EC0-301F-11D3-BF4B-00C04F79EFBC}") = "Goomer.Data.Common", "Goomer.Data.Common\Goomer.Data.Common.csproj", "{633ACC37-41C2-4BCC-9957-16DE865A336F}"
EndProject
Project("{FAE04EC0-301F-11D3-BF4B-00C04F79EFBC}") = "Goomer.Data", "Goomer.Data\Goomer.Data.csproj", "{E6E76DB2-1EB4-4C0F-AA87-19FEE324192A}"
EndProject
Project("{FAE04EC0-301F-11D3-BF4B-00C04F79EFBC}") = "Goomer.Web.Infrastructure", "Goomer.Web.Infrastructure\Goomer.Web.Infrastructure.csproj", "{F2D5DE65-DF59-47F6-84A0-3411532D5340}"
EndProject
Global
	GlobalSection(SolutionConfigurationPlatforms) = preSolution
		Debug|Any CPU = Debug|Any CPU
		Release|Any CPU = Release|Any CPU
	EndGlobalSection
	GlobalSection(ProjectConfigurationPlatforms) = postSolution
		{7CCBF37D-CF3F-4FB7-AA61-EA14A36D4414}.Debug|Any CPU.ActiveCfg = Debug|Any CPU
		{7CCBF37D-CF3F-4FB7-AA61-EA14A36D4414}.Debug|Any CPU.Build.0 = Debug|Any CPU
		{7CCBF37D-CF3F-4FB7-AA61-EA14A36D4414}.Release|Any CPU.ActiveCfg = Release|Any CPU
		{7CCBF37D-CF3F-4FB7-AA61-EA14A36D4414}.Release|Any CPU.Build.0 = Release|Any CPU
		{7A7634C1-691C-4D57-B695-645FCD0453DB}.Debug|Any CPU.ActiveCfg = Debug|Any CPU
		{7A7634C1-691C-4D57-B695-645FCD0453DB}.Debug|Any CPU.Build.0 = Debug|Any CPU
		{7A7634C1-691C-4D57-B695-645FCD0453DB}.Release|Any CPU.ActiveCfg = Release|Any CPU
		{7A7634C1-691C-4D57-B695-645FCD0453DB}.Release|Any CPU.Build.0 = Release|Any CPU
		{9727359E-2CEE-4A30-9E7D-418666662D8B}.Debug|Any CPU.ActiveCfg = Debug|Any CPU
		{9727359E-2CEE-4A30-9E7D-418666662D8B}.Debug|Any CPU.Build.0 = Debug|Any CPU
		{9727359E-2CEE-4A30-9E7D-418666662D8B}.Release|Any CPU.ActiveCfg = Release|Any CPU
		{9727359E-2CEE-4A30-9E7D-418666662D8B}.Release|Any CPU.Build.0 = Release|Any CPU
		{633ACC37-41C2-4BCC-9957-16DE865A336F}.Debug|Any CPU.ActiveCfg = Debug|Any CPU
		{633ACC37-41C2-4BCC-9957-16DE865A336F}.Debug|Any CPU.Build.0 = Debug|Any CPU
		{633ACC37-41C2-4BCC-9957-16DE865A336F}.Release|Any CPU.ActiveCfg = Release|Any CPU
		{633ACC37-41C2-4BCC-9957-16DE865A336F}.Release|Any CPU.Build.0 = Release|Any CPU
		{E6E76DB2-1EB4-4C0F-AA87-19FEE324192A}.Debug|Any CPU.ActiveCfg = Debug|Any CPU
		{E6E76DB2-1EB4-4C0F-AA87-19FEE324192A}.Debug|Any CPU.Build.0 = Debug|Any CPU
		{E6E76DB2-1EB4-4C0F-AA87-19FEE324192A}.Release|Any CPU.ActiveCfg = Release|Any CPU
		{E6E76DB2-1EB4-4C0F-AA87-19FEE324192A}.Release|Any CPU.Build.0 = Release|Any CPU
		{F2D5DE65-DF59-47F6-84A0-3411532D5340}.Debug|Any CPU.ActiveCfg = Debug|Any CPU
		{F2D5DE65-DF59-47F6-84A0-3411532D5340}.Debug|Any CPU.Build.0 = Debug|Any CPU
		{F2D5DE65-DF59-47F6-84A0-3411532D5340}.Release|Any CPU.ActiveCfg = Release|Any CPU
		{F2D5DE65-DF59-47F6-84A0-3411532D5340}.Release|Any CPU.Build.0 = Release|Any CPU
	EndGlobalSection
	GlobalSection(SolutionProperties) = preSolution
		HideSolutionNode = FALSE
	EndGlobalSection
	GlobalSection(NestedProjects) = preSolution
		{9727359E-2CEE-4A30-9E7D-418666662D8B} = {B98C9C45-3037-48B4-8E0A-3F690FE73D2E}
		{633ACC37-41C2-4BCC-9957-16DE865A336F} = {B98C9C45-3037-48B4-8E0A-3F690FE73D2E}
		{E6E76DB2-1EB4-4C0F-AA87-19FEE324192A} = {B98C9C45-3037-48B4-8E0A-3F690FE73D2E}
	EndGlobalSection
EndGlobal
